// !$*UTF8*$!
{
	archiveVersion = 1;
	classes = {
	};
	objectVersion = 56;
	objects = {

/* Begin PBXBuildFile section */
		6180CB8E2CC4A14F003A59C9 /* AppDelegate.swift in Sources */ = {isa = PBXBuildFile; fileRef = 6180CB8D2CC4A14F003A59C9 /* AppDelegate.swift */; };
		6180CB902CC4A14F003A59C9 /* SceneDelegate.swift in Sources */ = {isa = PBXBuildFile; fileRef = 6180CB8F2CC4A14F003A59C9 /* SceneDelegate.swift */; };
		6180CB922CC4A14F003A59C9 /* ViewController.swift in Sources */ = {isa = PBXBuildFile; fileRef = 6180CB912CC4A14F003A59C9 /* ViewController.swift */; };
		6180CB952CC4A14F003A59C9 /* Main.storyboard in Resources */ = {isa = PBXBuildFile; fileRef = 6180CB932CC4A14F003A59C9 /* Main.storyboard */; };
		6180CB972CC4A152003A59C9 /* Assets.xcassets in Resources */ = {isa = PBXBuildFile; fileRef = 6180CB962CC4A152003A59C9 /* Assets.xcassets */; };
		6180CB9A2CC4A152003A59C9 /* LaunchScreen.storyboard in Resources */ = {isa = PBXBuildFile; fileRef = 6180CB982CC4A152003A59C9 /* LaunchScreen.storyboard */; };
		6180CBAA2CC4A7FE003A59C9 /* LoginViewController.swift in Sources */ = {isa = PBXBuildFile; fileRef = 6180CBA92CC4A7FE003A59C9 /* LoginViewController.swift */; };
		6180CBAC2CC4A824003A59C9 /* LoginCoordinator.swift in Sources */ = {isa = PBXBuildFile; fileRef = 6180CBAB2CC4A824003A59C9 /* LoginCoordinator.swift */; };
		6180CBAE2CC4A83F003A59C9 /* AppCoordinator.swift in Sources */ = {isa = PBXBuildFile; fileRef = 6180CBAD2CC4A83F003A59C9 /* AppCoordinator.swift */; };
		6180CBB02CC4BC7F003A59C9 /* WelcomeViewController.swift in Sources */ = {isa = PBXBuildFile; fileRef = 6180CBAF2CC4BC7E003A59C9 /* WelcomeViewController.swift */; };
		61C8C60D2CC57D500014BB11 /* CustomAlertViewController.swift in Sources */ = {isa = PBXBuildFile; fileRef = 61C8C60C2CC57D500014BB11 /* CustomAlertViewController.swift */; };
/* End PBXBuildFile section */

/* Begin PBXFileReference section */
		6180CB8A2CC4A14F003A59C9 /* LoginViewCodeProject.app */ = {isa = PBXFileReference; explicitFileType = wrapper.application; includeInIndex = 0; path = LoginViewCodeProject.app; sourceTree = BUILT_PRODUCTS_DIR; };
		6180CB8D2CC4A14F003A59C9 /* AppDelegate.swift */ = {isa = PBXFileReference; lastKnownFileType = sourcecode.swift; path = AppDelegate.swift; sourceTree = "<group>"; };
		6180CB8F2CC4A14F003A59C9 /* SceneDelegate.swift */ = {isa = PBXFileReference; lastKnownFileType = sourcecode.swift; path = SceneDelegate.swift; sourceTree = "<group>"; };
		6180CB912CC4A14F003A59C9 /* ViewController.swift */ = {isa = PBXFileReference; lastKnownFileType = sourcecode.swift; path = ViewController.swift; sourceTree = "<group>"; };
		6180CB942CC4A14F003A59C9 /* Base */ = {isa = PBXFileReference; lastKnownFileType = file.storyboard; name = Base; path = Base.lproj/Main.storyboard; sourceTree = "<group>"; };
		6180CB962CC4A152003A59C9 /* Assets.xcassets */ = {isa = PBXFileReference; lastKnownFileType = folder.assetcatalog; path = Assets.xcassets; sourceTree = "<group>"; };
		6180CB992CC4A152003A59C9 /* Base */ = {isa = PBXFileReference; lastKnownFileType = file.storyboard; name = Base; path = Base.lproj/LaunchScreen.storyboard; sourceTree = "<group>"; };
		6180CB9B2CC4A152003A59C9 /* Info.plist */ = {isa = PBXFileReference; lastKnownFileType = text.plist.xml; path = Info.plist; sourceTree = "<group>"; };
		6180CBA92CC4A7FE003A59C9 /* LoginViewController.swift */ = {isa = PBXFileReference; lastKnownFileType = sourcecode.swift; path = LoginViewController.swift; sourceTree = "<group>"; };
		6180CBAB2CC4A824003A59C9 /* LoginCoordinator.swift */ = {isa = PBXFileReference; lastKnownFileType = sourcecode.swift; path = LoginCoordinator.swift; sourceTree = "<group>"; };
		6180CBAD2CC4A83F003A59C9 /* AppCoordinator.swift */ = {isa = PBXFileReference; lastKnownFileType = sourcecode.swift; path = AppCoordinator.swift; sourceTree = "<group>"; };
		6180CBAF2CC4BC7E003A59C9 /* WelcomeViewController.swift */ = {isa = PBXFileReference; lastKnownFileType = sourcecode.swift; path = WelcomeViewController.swift; sourceTree = "<group>"; };
		61C8C60C2CC57D500014BB11 /* CustomAlertViewController.swift */ = {isa = PBXFileReference; lastKnownFileType = sourcecode.swift; path = CustomAlertViewController.swift; sourceTree = "<group>"; };
/* End PBXFileReference section */

/* Begin PBXFrameworksBuildPhase section */
		6180CB872CC4A14F003A59C9 /* Frameworks */ = {
			isa = PBXFrameworksBuildPhase;
			buildActionMask = 2147483647;
			files = (
			);
			runOnlyForDeploymentPostprocessing = 0;
		};
/* End PBXFrameworksBuildPhase section */

/* Begin PBXGroup section */
		6180CB812CC4A14F003A59C9 = {
			isa = PBXGroup;
			children = (
				6180CB8C2CC4A14F003A59C9 /* LoginViewCodeProject  */,
				6180CB8B2CC4A14F003A59C9 /* Products */,
			);
			sourceTree = "<group>";
		};
		6180CB8B2CC4A14F003A59C9 /* Products */ = {
			isa = PBXGroup;
			children = (
				6180CB8A2CC4A14F003A59C9 /* LoginViewCodeProject.app */,
			);
			name = Products;
			sourceTree = "<group>";
		};
		6180CB8C2CC4A14F003A59C9 /* LoginViewCodeProject  */ = {
			isa = PBXGroup;
			children = (
				6180CBA92CC4A7FE003A59C9 /* LoginViewController.swift */,
				6180CB8D2CC4A14F003A59C9 /* AppDelegate.swift */,
				6180CB8F2CC4A14F003A59C9 /* SceneDelegate.swift */,
				61C8C60C2CC57D500014BB11 /* CustomAlertViewController.swift */,
				6180CBAF2CC4BC7E003A59C9 /* WelcomeViewController.swift */,
				6180CB912CC4A14F003A59C9 /* ViewController.swift */,
				6180CBAB2CC4A824003A59C9 /* LoginCoordinator.swift */,
				6180CBAD2CC4A83F003A59C9 /* AppCoordinator.swift */,
				6180CB932CC4A14F003A59C9 /* Main.storyboard */,
				6180CB962CC4A152003A59C9 /* Assets.xcassets */,
				6180CB982CC4A152003A59C9 /* LaunchScreen.storyboard */,
				6180CB9B2CC4A152003A59C9 /* Info.plist */,
			);
			path = "LoginViewCodeProject ";
			sourceTree = "<group>";
		};
/* End PBXGroup section */

/* Begin PBXNativeTarget section */
		6180CB892CC4A14F003A59C9 /* LoginViewCodeProject */ = {
			isa = PBXNativeTarget;
			buildConfigurationList = 6180CB9E2CC4A152003A59C9 /* Build configuration list for PBXNativeTarget "LoginViewCodeProject" */;
			buildPhases = (
				6180CB862CC4A14F003A59C9 /* Sources */,
				6180CB872CC4A14F003A59C9 /* Frameworks */,
				6180CB882CC4A14F003A59C9 /* Resources */,
			);
			buildRules = (
			);
			dependencies = (
			);
			name = LoginViewCodeProject;
			productName = TimerProject;
			productReference = 6180CB8A2CC4A14F003A59C9 /* LoginViewCodeProject.app */;
			productType = "com.apple.product-type.application";
		};
/* End PBXNativeTarget section */

/* Begin PBXProject section */
		6180CB822CC4A14F003A59C9 /* Project object */ = {
			isa = PBXProject;
			attributes = {
				BuildIndependentTargetsInParallel = 1;
				LastSwiftUpdateCheck = 1420;
				LastUpgradeCheck = 1420;
				TargetAttributes = {
					6180CB892CC4A14F003A59C9 = {
						CreatedOnToolsVersion = 14.2;
					};
				};
			};
			buildConfigurationList = 6180CB852CC4A14F003A59C9 /* Build configuration list for PBXProject "LoginViewCodeProject" */;
			compatibilityVersion = "Xcode 14.0";
			developmentRegion = en;
			hasScannedForEncodings = 0;
			knownRegions = (
				en,
				Base,
			);
			mainGroup = 6180CB812CC4A14F003A59C9;
			productRefGroup = 6180CB8B2CC4A14F003A59C9 /* Products */;
			projectDirPath = "";
			projectRoot = "";
			targets = (
				6180CB892CC4A14F003A59C9 /* LoginViewCodeProject */,
			);
		};
/* End PBXProject section */

/* Begin PBXResourcesBuildPhase section */
		6180CB882CC4A14F003A59C9 /* Resources */ = {
			isa = PBXResourcesBuildPhase;
			buildActionMask = 2147483647;
			files = (
				6180CB9A2CC4A152003A59C9 /* LaunchScreen.storyboard in Resources */,
				6180CB972CC4A152003A59C9 /* Assets.xcassets in Resources */,
				6180CB952CC4A14F003A59C9 /* Main.storyboard in Resources */,
			);
			runOnlyForDeploymentPostprocessing = 0;
		};
/* End PBXResourcesBuildPhase section */

/* Begin PBXSourcesBuildPhase section */
		6180CB862CC4A14F003A59C9 /* Sources */ = {
			isa = PBXSourcesBuildPhase;
			buildActionMask = 2147483647;
			files = (
				6180CBAE2CC4A83F003A59C9 /* AppCoordinator.swift in Sources */,
				6180CBAA2CC4A7FE003A59C9 /* LoginViewController.swift in Sources */,
				6180CB922CC4A14F003A59C9 /* ViewController.swift in Sources */,
				6180CBAC2CC4A824003A59C9 /* LoginCoordinator.swift in Sources */,
				61C8C60D2CC57D500014BB11 /* CustomAlertViewController.swift in Sources */,
				6180CB8E2CC4A14F003A59C9 /* AppDelegate.swift in Sources */,
				6180CB902CC4A14F003A59C9 /* SceneDelegate.swift in Sources */,
				6180CBB02CC4BC7F003A59C9 /* WelcomeViewController.swift in Sources */,
			);
			runOnlyForDeploymentPostprocessing = 0;
		};
/* End PBXSourcesBuildPhase section */

/* Begin PBXVariantGroup section */
		6180CB932CC4A14F003A59C9 /* Main.storyboard */ = {
			isa = PBXVariantGroup;
			children = (
				6180CB942CC4A14F003A59C9 /* Base */,
			);
			name = Main.storyboard;
			sourceTree = "<group>";
		};
		6180CB982CC4A152003A59C9 /* LaunchScreen.storyboard */ = {
			isa = PBXVariantGroup;
			children = (
				6180CB992CC4A152003A59C9 /* Base */,
			);
			name = LaunchScreen.storyboard;
			sourceTree = "<group>";
		};
/* End PBXVariantGroup section */

/* Begin XCBuildConfiguration section */
		6180CB9C2CC4A152003A59C9 /* Debug */ = {
			isa = XCBuildConfiguration;
			buildSettings = {
				ALWAYS_SEARCH_USER_PATHS = NO;
				CLANG_ANALYZER_NONNULL = YES;
				CLANG_ANALYZER_NUMBER_OBJECT_CONVERSION = YES_AGGRESSIVE;
				CLANG_CXX_LANGUAGE_STANDARD = "gnu++20";
				CLANG_ENABLE_MODULES = YES;
				CLANG_ENABLE_OBJC_ARC = YES;
				CLANG_ENABLE_OBJC_WEAK = YES;
				CLANG_WARN_BLOCK_CAPTURE_AUTORELEASING = YES;
				CLANG_WARN_BOOL_CONVERSION = YES;
				CLANG_WARN_COMMA = YES;
				CLANG_WARN_CONSTANT_CONVERSION = YES;
				CLANG_WARN_DEPRECATED_OBJC_IMPLEMENTATIONS = YES;
				CLANG_WARN_DIRECT_OBJC_ISA_USAGE = YES_ERROR;
				CLANG_WARN_DOCUMENTATION_COMMENTS = YES;
				CLANG_WARN_EMPTY_BODY = YES;
				CLANG_WARN_ENUM_CONVERSION = YES;
				CLANG_WARN_INFINITE_RECURSION = YES;
				CLANG_WARN_INT_CONVERSION = YES;
				CLANG_WARN_NON_LITERAL_NULL_CONVERSION = YES;
				CLANG_WARN_OBJC_IMPLICIT_RETAIN_SELF = YES;
				CLANG_WARN_OBJC_LITERAL_CONVERSION = YES;
				CLANG_WARN_OBJC_ROOT_CLASS = YES_ERROR;
				CLANG_WARN_QUOTED_INCLUDE_IN_FRAMEWORK_HEADER = YES;
				CLANG_WARN_RANGE_LOOP_ANALYSIS = YES;
				CLANG_WARN_STRICT_PROTOTYPES = YES;
				CLANG_WARN_SUSPICIOUS_MOVE = YES;
				CLANG_WARN_UNGUARDED_AVAILABILITY = YES_AGGRESSIVE;
				CLANG_WARN_UNREACHABLE_CODE = YES;
				CLANG_WARN__DUPLICATE_METHOD_MATCH = YES;
				COPY_PHASE_STRIP = NO;
				DEBUG_INFORMATION_FORMAT = dwarf;
				ENABLE_STRICT_OBJC_MSGSEND = YES;
				ENABLE_TESTABILITY = YES;
				GCC_C_LANGUAGE_STANDARD = gnu11;
				GCC_DYNAMIC_NO_PIC = NO;
				GCC_NO_COMMON_BLOCKS = YES;
				GCC_OPTIMIZATION_LEVEL = 0;
				GCC_PREPROCESSOR_DEFINITIONS = (
					"DEBUG=1",
					"$(inherited)",
				);
				GCC_WARN_64_TO_32_BIT_CONVERSION = YES;
				GCC_WARN_ABOUT_RETURN_TYPE = YES_ERROR;
				GCC_WARN_UNDECLARED_SELECTOR = YES;
				GCC_WARN_UNINITIALIZED_AUTOS = YES_AGGRESSIVE;
				GCC_WARN_UNUSED_FUNCTION = YES;
				GCC_WARN_UNUSED_VARIABLE = YES;
				IPHONEOS_DEPLOYMENT_TARGET = 16.2;
				MTL_ENABLE_DEBUG_INFO = INCLUDE_SOURCE;
				MTL_FAST_MATH = YES;
				ONLY_ACTIVE_ARCH = YES;
				SDKROOT = iphoneos;
				SWIFT_ACTIVE_COMPILATION_CONDITIONS = DEBUG;
				SWIFT_OPTIMIZATION_LEVEL = "-Onone";
			};
			name = Debug;
		};
		6180CB9D2CC4A152003A59C9 /* Release */ = {
			isa = XCBuildConfiguration;
			buildSettings = {
				ALWAYS_SEARCH_USER_PATHS = NO;
				CLANG_ANALYZER_NONNULL = YES;
				CLANG_ANALYZER_NUMBER_OBJECT_CONVERSION = YES_AGGRESSIVE;
				CLANG_CXX_LANGUAGE_STANDARD = "gnu++20";
				CLANG_ENABLE_MODULES = YES;
				CLANG_ENABLE_OBJC_ARC = YES;
				CLANG_ENABLE_OBJC_WEAK = YES;
				CLANG_WARN_BLOCK_CAPTURE_AUTORELEASING = YES;
				CLANG_WARN_BOOL_CONVERSION = YES;
				CLANG_WARN_COMMA = YES;
				CLANG_WARN_CONSTANT_CONVERSION = YES;
				CLANG_WARN_DEPRECATED_OBJC_IMPLEMENTATIONS = YES;
				CLANG_WARN_DIRECT_OBJC_ISA_USAGE = YES_ERROR;
				CLANG_WARN_DOCUMENTATION_COMMENTS = YES;
				CLANG_WARN_EMPTY_BODY = YES;
				CLANG_WARN_ENUM_CONVERSION = YES;
				CLANG_WARN_INFINITE_RECURSION = YES;
				CLANG_WARN_INT_CONVERSION = YES;
				CLANG_WARN_NON_LITERAL_NULL_CONVERSION = YES;
				CLANG_WARN_OBJC_IMPLICIT_RETAIN_SELF = YES;
				CLANG_WARN_OBJC_LITERAL_CONVERSION = YES;
				CLANG_WARN_OBJC_ROOT_CLASS = YES_ERROR;
				CLANG_WARN_QUOTED_INCLUDE_IN_FRAMEWORK_HEADER = YES;
				CLANG_WARN_RANGE_LOOP_ANALYSIS = YES;
				CLANG_WARN_STRICT_PROTOTYPES = YES;
				CLANG_WARN_SUSPICIOUS_MOVE = YES;
				CLANG_WARN_UNGUARDED_AVAILABILITY = YES_AGGRESSIVE;
				CLANG_WARN_UNREACHABLE_CODE = YES;
				CLANG_WARN__DUPLICATE_METHOD_MATCH = YES;
				COPY_PHASE_STRIP = NO;
				DEBUG_INFORMATION_FORMAT = "dwarf-with-dsym";
				ENABLE_NS_ASSERTIONS = NO;
				ENABLE_STRICT_OBJC_MSGSEND = YES;
				GCC_C_LANGUAGE_STANDARD = gnu11;
				GCC_NO_COMMON_BLOCKS = YES;
				GCC_WARN_64_TO_32_BIT_CONVERSION = YES;
				GCC_WARN_ABOUT_RETURN_TYPE = YES_ERROR;
				GCC_WARN_UNDECLARED_SELECTOR = YES;
				GCC_WARN_UNINITIALIZED_AUTOS = YES_AGGRESSIVE;
				GCC_WARN_UNUSED_FUNCTION = YES;
				GCC_WARN_UNUSED_VARIABLE = YES;
				IPHONEOS_DEPLOYMENT_TARGET = 16.2;
				MTL_ENABLE_DEBUG_INFO = NO;
				MTL_FAST_MATH = YES;
				SDKROOT = iphoneos;
				SWIFT_COMPILATION_MODE = wholemodule;
				SWIFT_OPTIMIZATION_LEVEL = "-O";
				VALIDATE_PRODUCT = YES;
			};
			name = Release;
		};
		6180CB9F2CC4A152003A59C9 /* Debug */ = {
			isa = XCBuildConfiguration;
			buildSettings = {
				ASSETCATALOG_COMPILER_APPICON_NAME = AppIcon;
				ASSETCATALOG_COMPILER_GLOBAL_ACCENT_COLOR_NAME = AccentColor;
				CODE_SIGN_STYLE = Automatic;
				CURRENT_PROJECT_VERSION = 1;
				DEVELOPMENT_TEAM = SN8P99F4BT;
				GENERATE_INFOPLIST_FILE = YES;
				INFOPLIST_FILE = TimerProject/Info.plist;
				INFOPLIST_KEY_UIApplicationSupportsIndirectInputEvents = YES;
				INFOPLIST_KEY_UILaunchStoryboardName = LaunchScreen;
				INFOPLIST_KEY_UIMainStoryboardFile = Main;
				INFOPLIST_KEY_UISupportedInterfaceOrientations = UIInterfaceOrientationPortrait;
				INFOPLIST_KEY_UISupportedInterfaceOrientations_iPad = "UIInterfaceOrientationLandscapeLeft UIInterfaceOrientationLandscapeRight UIInterfaceOrientationPortrait UIInterfaceOrientationPortraitUpsideDown";
				IPHONEOS_DEPLOYMENT_TARGET = 15.0;
				LD_RUNPATH_SEARCH_PATHS = (
					"$(inherited)",
					"@executable_path/Frameworks",
				);
				MARKETING_VERSION = 1.0;
				PRODUCT_BUNDLE_IDENTIFIER = br.com.jcls.LoginViewCodeProject;
				PRODUCT_NAME = "$(TARGET_NAME)";
				SUPPORTED_PLATFORMS = "iphoneos iphonesimulator";
				SUPPORTS_MACCATALYST = NO;
				SUPPORTS_MAC_DESIGNED_FOR_IPHONE_IPAD = NO;
				SWIFT_EMIT_LOC_STRINGS = YES;
				SWIFT_VERSION = 5.0;
				TARGETED_DEVICE_FAMILY = 1;
			};
			name = Debug;
		};
		6180CBA02CC4A152003A59C9 /* Release */ = {
			isa = XCBuildConfiguration;
			buildSettings = {
				ASSETCATALOG_COMPILER_APPICON_NAME = AppIcon;
				ASSETCATALOG_COMPILER_GLOBAL_ACCENT_COLOR_NAME = AccentColor;
				CODE_SIGN_STYLE = Automatic;
				CURRENT_PROJECT_VERSION = 1;
				DEVELOPMENT_TEAM = SN8P99F4BT;
				GENERATE_INFOPLIST_FILE = YES;
				INFOPLIST_FILE = TimerProject/Info.plist;
				INFOPLIST_KEY_UIApplicationSupportsIndirectInputEvents = YES;
				INFOPLIST_KEY_UILaunchStoryboardName = LaunchScreen;
				INFOPLIST_KEY_UIMainStoryboardFile = Main;
				INFOPLIST_KEY_UISupportedInterfaceOrientations = UIInterfaceOrientationPortrait;
				INFOPLIST_KEY_UISupportedInterfaceOrientations_iPad = "UIInterfaceOrientationLandscapeLeft UIInterfaceOrientationLandscapeRight UIInterfaceOrientationPortrait UIInterfaceOrientationPortraitUpsideDown";
				IPHONEOS_DEPLOYMENT_TARGET = 15.0;
				LD_RUNPATH_SEARCH_PATHS = (
					"$(inherited)",
					"@executable_path/Frameworks",
				);
				MARKETING_VERSION = 1.0;
				PRODUCT_BUNDLE_IDENTIFIER = br.com.jcls.LoginViewCodeProject;
				PRODUCT_NAME = "$(TARGET_NAME)";
				SUPPORTED_PLATFORMS = "iphoneos iphonesimulator";
				SUPPORTS_MACCATALYST = NO;
				SUPPORTS_MAC_DESIGNED_FOR_IPHONE_IPAD = NO;
				SWIFT_EMIT_LOC_STRINGS = YES;
				SWIFT_VERSION = 5.0;
				TARGETED_DEVICE_FAMILY = 1;
			};
			name = Release;
		};
/* End XCBuildConfiguration section */

/* Begin XCConfigurationList section */
		6180CB852CC4A14F003A59C9 /* Build configuration list for PBXProject "LoginViewCodeProject" */ = {
			isa = XCConfigurationList;
			buildConfigurations = (
				6180CB9C2CC4A152003A59C9 /* Debug */,
				6180CB9D2CC4A152003A59C9 /* Release */,
			);
			defaultConfigurationIsVisible = 0;
			defaultConfigurationName = Release;
		};
		6180CB9E2CC4A152003A59C9 /* Build configuration list for PBXNativeTarget "LoginViewCodeProject" */ = {
			isa = XCConfigurationList;
			buildConfigurations = (
				6180CB9F2CC4A152003A59C9 /* Debug */,
				6180CBA02CC4A152003A59C9 /* Release */,
			);
			defaultConfigurationIsVisible = 0;
			defaultConfigurationName = Release;
		};
/* End XCConfigurationList section */
	};
	rootObject = 6180CB822CC4A14F003A59C9 /* Project object */;
}
